
Microsoft Visual Studio Solution File, Format Version 12.00
# Visual Studio Version 17
VisualStudioVersion = 17.7.34031.279
MinimumVisualStudioVersion = 10.0.40219.1
Project("{FAE04EC0-301F-11D3-BF4B-00C04F79EFBC}") = "HulkRE", "Hulk Expresiones Regulares\HulkRE.csproj", "{583E050B-1150-4877-B769-94C6BE763590}"
EndProject
Global
	GlobalSection(SolutionConfigurationPlatforms) = preSolution
		Debug|Any CPU = Debug|Any CPU
		Release|Any CPU = Release|Any CPU
	EndGlobalSection
	GlobalSection(ProjectConfigurationPlatforms) = postSolution
		{583E050B-1150-4877-B769-94C6BE763590}.Debug|Any CPU.ActiveCfg = Debug|Any CPU
		{583E050B-1150-4877-B769-94C6BE763590}.Debug|Any CPU.Build.0 = Debug|Any CPU
		{583E050B-1150-4877-B769-94C6BE763590}.Release|Any CPU.ActiveCfg = Release|Any CPU
		{583E050B-1150-4877-B769-94C6BE763590}.Release|Any CPU.Build.0 = Release|Any CPU
	EndGlobalSection
	GlobalSection(SolutionProperties) = preSolution
		HideSolutionNode = FALSE
	EndGlobalSection
	GlobalSection(ExtensibilityGlobals) = postSolution
		SolutionGuid = {823A648E-6644-4E59-A57F-1200CACC9020}
	EndGlobalSection
EndGlobal
